
Microsoft Visual Studio Solution File, Format Version 12.00
# Visual Studio 2013
VisualStudioVersion = 12.0.21005.1
MinimumVisualStudioVersion = 10.0.40219.1
Project("{2150E333-8FDC-42A3-9474-1A3956D46DE8}") = "Business", "Business", "{28A0298B-572E-435B-93B3-2E2470910582}"
EndProject
Project("{FAE04EC0-301F-11D3-BF4B-00C04F79EFBC}") = "Orkidea.Bretano.WebMiddle.BackEnd.Business", "Orkidea.Bretano.WebMiddle.BackEnd.Business\Orkidea.Bretano.WebMiddle.BackEnd.Business.csproj", "{3BE779F9-56BF-49EE-B2BE-E895A1D90437}"
EndProject
Project("{2150E333-8FDC-42A3-9474-1A3956D46DE8}") = "Services", "Services", "{65939202-254E-468C-8E14-DA7B0A574518}"
EndProject
Project("{FAE04EC0-301F-11D3-BF4B-00C04F79EFBC}") = "Orkidea.Bretano.WebMiddle.BackEnd.Contracts", "Orkidea.Bretano.WebMiddle.BackEnd.Contracts\Orkidea.Bretano.WebMiddle.BackEnd.Contracts.csproj", "{7DFD35A5-D162-4A84-821E-CC260A00DDF3}"
EndProject
Project("{FAE04EC0-301F-11D3-BF4B-00C04F79EFBC}") = "Orkidea.Bretano.WebMiddle.BackEnd.Core", "Orkidea.Bretano.WebMiddle.BackEnd.Core\Orkidea.Bretano.WebMiddle.BackEnd.Core.csproj", "{A78D6A9A-8971-4194-A957-227258F24538}"
EndProject
Project("{2150E333-8FDC-42A3-9474-1A3956D46DE8}") = "Hosts", "Hosts", "{018A4C31-3408-45C2-8CBB-AA697C5EF480}"
EndProject
Project("{FAE04EC0-301F-11D3-BF4B-00C04F79EFBC}") = "Orkidea.Bretano.WebMiddle.BackEnd.EndPoint", "Orkidea.Bretano.WebMiddle.BackEnd.EndPoint\Orkidea.Bretano.WebMiddle.BackEnd.EndPoint.csproj", "{6CDCEBDC-B50A-4286-BC0D-2E446ED84415}"
EndProject
Project("{2150E333-8FDC-42A3-9474-1A3956D46DE8}") = "UnitTest", "UnitTest", "{00776B62-E180-4026-8027-4022A74436D5}"
EndProject
Project("{2150E333-8FDC-42A3-9474-1A3956D46DE8}") = "WebFrontEnd", "WebFrontEnd", "{3BA47E72-A0E7-4D10-9BBE-4C139DB18282}"
EndProject
Project("{FAE04EC0-301F-11D3-BF4B-00C04F79EFBC}") = "Orkidea.Bretano.WebMiddle.FrontEnd", "Orkidea.Bretano.WebMiddle.FrontEnd\Orkidea.Bretano.WebMiddle.FrontEnd.csproj", "{6BB14193-8C3D-438C-BF1C-C30086A98752}"
	ProjectSection(ProjectDependencies) = postProject
		{6CDCEBDC-B50A-4286-BC0D-2E446ED84415} = {6CDCEBDC-B50A-4286-BC0D-2E446ED84415}
	EndProjectSection
EndProject
Project("{FAE04EC0-301F-11D3-BF4B-00C04F79EFBC}") = "Orkidea.Bretano.WebMiddle.FrontEnd.Business", "Orkidea.Bretano.WebMiddle.FrontEnd.Business\Orkidea.Bretano.WebMiddle.FrontEnd.Business.csproj", "{EE3BAB97-59E9-4189-81CF-3B965DA72966}"
EndProject
Project("{2150E333-8FDC-42A3-9474-1A3956D46DE8}") = "DataManagement", "DataManagement", "{9D84087A-BAF3-473E-9AFD-0C5E3451C485}"
EndProject
Project("{FAE04EC0-301F-11D3-BF4B-00C04F79EFBC}") = "Orkidea.Bretano.WebMiddle.FrontEnd.DAL", "Orkidea.Bretano.WebMiddle.FrontEnd.DAL\Orkidea.Bretano.WebMiddle.FrontEnd.DAL.csproj", "{B7F00B31-0E4B-4C91-B404-23F9CFF479F4}"
EndProject
Project("{FAE04EC0-301F-11D3-BF4B-00C04F79EFBC}") = "Orkidea.Bretano.WebMiddle.FrontEnd.Entities", "Orkidea.Bretano.WebMiddle.FrontEnd.Entities\Orkidea.Bretano.WebMiddle.FrontEnd.Entities.csproj", "{FDFAA8EB-271D-4F6A-9A92-7F0B40B06FD4}"
EndProject
Global
	GlobalSection(SolutionConfigurationPlatforms) = preSolution
		Debug|Any CPU = Debug|Any CPU
		Release|Any CPU = Release|Any CPU
	EndGlobalSection
	GlobalSection(ProjectConfigurationPlatforms) = postSolution
		{3BE779F9-56BF-49EE-B2BE-E895A1D90437}.Debug|Any CPU.ActiveCfg = Debug|Any CPU
		{3BE779F9-56BF-49EE-B2BE-E895A1D90437}.Debug|Any CPU.Build.0 = Debug|Any CPU
		{3BE779F9-56BF-49EE-B2BE-E895A1D90437}.Release|Any CPU.ActiveCfg = Release|Any CPU
		{3BE779F9-56BF-49EE-B2BE-E895A1D90437}.Release|Any CPU.Build.0 = Release|Any CPU
		{7DFD35A5-D162-4A84-821E-CC260A00DDF3}.Debug|Any CPU.ActiveCfg = Debug|Any CPU
		{7DFD35A5-D162-4A84-821E-CC260A00DDF3}.Debug|Any CPU.Build.0 = Debug|Any CPU
		{7DFD35A5-D162-4A84-821E-CC260A00DDF3}.Release|Any CPU.ActiveCfg = Release|Any CPU
		{7DFD35A5-D162-4A84-821E-CC260A00DDF3}.Release|Any CPU.Build.0 = Release|Any CPU
		{A78D6A9A-8971-4194-A957-227258F24538}.Debug|Any CPU.ActiveCfg = Debug|Any CPU
		{A78D6A9A-8971-4194-A957-227258F24538}.Debug|Any CPU.Build.0 = Debug|Any CPU
		{A78D6A9A-8971-4194-A957-227258F24538}.Release|Any CPU.ActiveCfg = Release|Any CPU
		{A78D6A9A-8971-4194-A957-227258F24538}.Release|Any CPU.Build.0 = Release|Any CPU
		{6CDCEBDC-B50A-4286-BC0D-2E446ED84415}.Debug|Any CPU.ActiveCfg = Debug|Any CPU
		{6CDCEBDC-B50A-4286-BC0D-2E446ED84415}.Debug|Any CPU.Build.0 = Debug|Any CPU
		{6CDCEBDC-B50A-4286-BC0D-2E446ED84415}.Release|Any CPU.ActiveCfg = Release|Any CPU
		{6CDCEBDC-B50A-4286-BC0D-2E446ED84415}.Release|Any CPU.Build.0 = Release|Any CPU
		{6BB14193-8C3D-438C-BF1C-C30086A98752}.Debug|Any CPU.ActiveCfg = Debug|Any CPU
		{6BB14193-8C3D-438C-BF1C-C30086A98752}.Debug|Any CPU.Build.0 = Debug|Any CPU
		{6BB14193-8C3D-438C-BF1C-C30086A98752}.Release|Any CPU.ActiveCfg = Release|Any CPU
		{6BB14193-8C3D-438C-BF1C-C30086A98752}.Release|Any CPU.Build.0 = Release|Any CPU
		{EE3BAB97-59E9-4189-81CF-3B965DA72966}.Debug|Any CPU.ActiveCfg = Debug|Any CPU
		{EE3BAB97-59E9-4189-81CF-3B965DA72966}.Debug|Any CPU.Build.0 = Debug|Any CPU
		{EE3BAB97-59E9-4189-81CF-3B965DA72966}.Release|Any CPU.ActiveCfg = Release|Any CPU
		{EE3BAB97-59E9-4189-81CF-3B965DA72966}.Release|Any CPU.Build.0 = Release|Any CPU
		{B7F00B31-0E4B-4C91-B404-23F9CFF479F4}.Debug|Any CPU.ActiveCfg = Debug|Any CPU
		{B7F00B31-0E4B-4C91-B404-23F9CFF479F4}.Debug|Any CPU.Build.0 = Debug|Any CPU
		{B7F00B31-0E4B-4C91-B404-23F9CFF479F4}.Release|Any CPU.ActiveCfg = Release|Any CPU
		{B7F00B31-0E4B-4C91-B404-23F9CFF479F4}.Release|Any CPU.Build.0 = Release|Any CPU
		{FDFAA8EB-271D-4F6A-9A92-7F0B40B06FD4}.Debug|Any CPU.ActiveCfg = Debug|Any CPU
		{FDFAA8EB-271D-4F6A-9A92-7F0B40B06FD4}.Debug|Any CPU.Build.0 = Debug|Any CPU
		{FDFAA8EB-271D-4F6A-9A92-7F0B40B06FD4}.Release|Any CPU.ActiveCfg = Release|Any CPU
		{FDFAA8EB-271D-4F6A-9A92-7F0B40B06FD4}.Release|Any CPU.Build.0 = Release|Any CPU
	EndGlobalSection
	GlobalSection(SolutionProperties) = preSolution
		HideSolutionNode = FALSE
	EndGlobalSection
	GlobalSection(NestedProjects) = preSolution
		{3BE779F9-56BF-49EE-B2BE-E895A1D90437} = {28A0298B-572E-435B-93B3-2E2470910582}
		{EE3BAB97-59E9-4189-81CF-3B965DA72966} = {28A0298B-572E-435B-93B3-2E2470910582}
		{7DFD35A5-D162-4A84-821E-CC260A00DDF3} = {65939202-254E-468C-8E14-DA7B0A574518}
		{A78D6A9A-8971-4194-A957-227258F24538} = {65939202-254E-468C-8E14-DA7B0A574518}
		{6CDCEBDC-B50A-4286-BC0D-2E446ED84415} = {018A4C31-3408-45C2-8CBB-AA697C5EF480}
		{6BB14193-8C3D-438C-BF1C-C30086A98752} = {3BA47E72-A0E7-4D10-9BBE-4C139DB18282}
		{B7F00B31-0E4B-4C91-B404-23F9CFF479F4} = {9D84087A-BAF3-473E-9AFD-0C5E3451C485}
		{FDFAA8EB-271D-4F6A-9A92-7F0B40B06FD4} = {9D84087A-BAF3-473E-9AFD-0C5E3451C485}
	EndGlobalSection
EndGlobal
